
Microsoft Visual Studio Solution File, Format Version 12.00
# Visual Studio Version 17
VisualStudioVersion = 17.8.34309.116
MinimumVisualStudioVersion = 10.0.40219.1
Project("{8BC9CEB8-8B4A-11D0-8D11-00A0C91BC942}") = "Ifrit-v2-Core", "core\Ifrit-v2x.vcxproj", "{CBDE4B7D-E58D-4711-A771-AB6D200D542F}"
EndProject
Project("{9A19103F-16F7-4668-BE54-9A1E7A4F7556}") = "Ifrit-v2-CSharpLib", "bindings\csharp\Ifrit-v2-csharp\IfritLib\Ifrit-v2-CSharpLib.csproj", "{630F2771-EB2D-44F8-906C-000C75B58A6E}"
EndProject
Project("{9A19103F-16F7-4668-BE54-9A1E7A4F7556}") = "Ifrit-v2-CSharpLib-Demo", "bindings\csharp\Ifrit-v2-csharp\IfritDemo\Ifrit-v2-CSharpLib-Demo.csproj", "{8DAB3D45-9715-4D0A-ACB0-6F4401ACA0BB}"
EndProject
Global
	GlobalSection(SolutionConfigurationPlatforms) = preSolution
		Debug|Any CPU = Debug|Any CPU
		Debug|x64 = Debug|x64
		Debug|x86 = Debug|x86
		Release|Any CPU = Release|Any CPU
		Release|x64 = Release|x64
		Release|x86 = Release|x86
	EndGlobalSection
	GlobalSection(ProjectConfigurationPlatforms) = postSolution
		{CBDE4B7D-E58D-4711-A771-AB6D200D542F}.Debug|Any CPU.ActiveCfg = Debug|x64
		{CBDE4B7D-E58D-4711-A771-AB6D200D542F}.Debug|Any CPU.Build.0 = Debug|x64
		{CBDE4B7D-E58D-4711-A771-AB6D200D542F}.Debug|x64.ActiveCfg = Debug|x64
		{CBDE4B7D-E58D-4711-A771-AB6D200D542F}.Debug|x64.Build.0 = Debug|x64
		{CBDE4B7D-E58D-4711-A771-AB6D200D542F}.Debug|x86.ActiveCfg = Debug|x64
		{CBDE4B7D-E58D-4711-A771-AB6D200D542F}.Debug|x86.Build.0 = Debug|x64
		{CBDE4B7D-E58D-4711-A771-AB6D200D542F}.Release|Any CPU.ActiveCfg = Release|x64
		{CBDE4B7D-E58D-4711-A771-AB6D200D542F}.Release|Any CPU.Build.0 = Release|x64
		{CBDE4B7D-E58D-4711-A771-AB6D200D542F}.Release|x64.ActiveCfg = Release|x64
		{CBDE4B7D-E58D-4711-A771-AB6D200D542F}.Release|x64.Build.0 = Release|x64
		{CBDE4B7D-E58D-4711-A771-AB6D200D542F}.Release|x86.ActiveCfg = Release|x64
		{CBDE4B7D-E58D-4711-A771-AB6D200D542F}.Release|x86.Build.0 = Release|x64
		{630F2771-EB2D-44F8-906C-000C75B58A6E}.Debug|Any CPU.ActiveCfg = Debug|Any CPU
		{630F2771-EB2D-44F8-906C-000C75B58A6E}.Debug|Any CPU.Build.0 = Debug|Any CPU
		{630F2771-EB2D-44F8-906C-000C75B58A6E}.Debug|x64.ActiveCfg = Debug|Any CPU
		{630F2771-EB2D-44F8-906C-000C75B58A6E}.Debug|x64.Build.0 = Debug|Any CPU
		{630F2771-EB2D-44F8-906C-000C75B58A6E}.Debug|x86.ActiveCfg = Debug|Any CPU
		{630F2771-EB2D-44F8-906C-000C75B58A6E}.Debug|x86.Build.0 = Debug|Any CPU
		{630F2771-EB2D-44F8-906C-000C75B58A6E}.Release|Any CPU.ActiveCfg = Release|Any CPU
		{630F2771-EB2D-44F8-906C-000C75B58A6E}.Release|Any CPU.Build.0 = Release|Any CPU
		{630F2771-EB2D-44F8-906C-000C75B58A6E}.Release|x64.ActiveCfg = Release|Any CPU
		{630F2771-EB2D-44F8-906C-000C75B58A6E}.Release|x64.Build.0 = Release|Any CPU
		{630F2771-EB2D-44F8-906C-000C75B58A6E}.Release|x86.ActiveCfg = Release|Any CPU
		{630F2771-EB2D-44F8-906C-000C75B58A6E}.Release|x86.Build.0 = Release|Any CPU
		{8DAB3D45-9715-4D0A-ACB0-6F4401ACA0BB}.Debug|Any CPU.ActiveCfg = Debug|Any CPU
		{8DAB3D45-9715-4D0A-ACB0-6F4401ACA0BB}.Debug|Any CPU.Build.0 = Debug|Any CPU
		{8DAB3D45-9715-4D0A-ACB0-6F4401ACA0BB}.Debug|x64.ActiveCfg = Debug|Any CPU
		{8DAB3D45-9715-4D0A-ACB0-6F4401ACA0BB}.Debug|x64.Build.0 = Debug|Any CPU
		{8DAB3D45-9715-4D0A-ACB0-6F4401ACA0BB}.Debug|x86.ActiveCfg = Debug|Any CPU
		{8DAB3D45-9715-4D0A-ACB0-6F4401ACA0BB}.Debug|x86.Build.0 = Debug|Any CPU
		{8DAB3D45-9715-4D0A-ACB0-6F4401ACA0BB}.Release|Any CPU.ActiveCfg = Release|Any CPU
		{8DAB3D45-9715-4D0A-ACB0-6F4401ACA0BB}.Release|Any CPU.Build.0 = Release|Any CPU
		{8DAB3D45-9715-4D0A-ACB0-6F4401ACA0BB}.Release|x64.ActiveCfg = Release|Any CPU
		{8DAB3D45-9715-4D0A-ACB0-6F4401ACA0BB}.Release|x64.Build.0 = Release|Any CPU
		{8DAB3D45-9715-4D0A-ACB0-6F4401ACA0BB}.Release|x86.ActiveCfg = Release|Any CPU
		{8DAB3D45-9715-4D0A-ACB0-6F4401ACA0BB}.Release|x86.Build.0 = Release|Any CPU
	EndGlobalSection
	GlobalSection(SolutionProperties) = preSolution
		HideSolutionNode = FALSE
	EndGlobalSection
	GlobalSection(ExtensibilityGlobals) = postSolution
		SolutionGuid = {396C3599-1EBA-4CBE-B17A-3EBEF8931E77}
	EndGlobalSection
EndGlobal
